
Microsoft Visual Studio Solution File, Format Version 12.00
# Visual Studio Version 16
VisualStudioVersion = 16.0.30309.148
MinimumVisualStudioVersion = 10.0.40219.1
Project("{FAE04EC0-301F-11D3-BF4B-00C04F79EFBC}") = "ImageRecognition", "ImageRecognition\ImageRecognition.csproj", "{522DA62A-930F-409E-A6EE-97D882ACCEA4}"
EndProject
Global
	GlobalSection(SolutionConfigurationPlatforms) = preSolution
		Debug|Any CPU = Debug|Any CPU
		Release|Any CPU = Release|Any CPU
	EndGlobalSection
	GlobalSection(ProjectConfigurationPlatforms) = postSolution
		{522DA62A-930F-409E-A6EE-97D882ACCEA4}.Debug|Any CPU.ActiveCfg = Debug|Any CPU
		{522DA62A-930F-409E-A6EE-97D882ACCEA4}.Debug|Any CPU.Build.0 = Debug|Any CPU
		{522DA62A-930F-409E-A6EE-97D882ACCEA4}.Release|Any CPU.ActiveCfg = Release|Any CPU
		{522DA62A-930F-409E-A6EE-97D882ACCEA4}.Release|Any CPU.Build.0 = Release|Any CPU
	EndGlobalSection
	GlobalSection(SolutionProperties) = preSolution
		HideSolutionNode = FALSE
	EndGlobalSection
	GlobalSection(ExtensibilityGlobals) = postSolution
		SolutionGuid = {0C367129-21DA-4955-824C-6012211B618B}
	EndGlobalSection
EndGlobal
